// !$*UTF8*$!
{
	archiveVersion = 1;
	classes = {
	};
	objectVersion = 55;
	objects = {

/* Begin PBXBuildFile section */
		501961734CF862A1BD0EAF2F /* Pods_ShareExp.framework in Frameworks */ = {isa = PBXBuildFile; fileRef = A8646D77FDDFAC91ED14324B /* Pods_ShareExp.framework */; };
		59CDB4CB28162A3600292847 /* AppDelegate.swift in Sources */ = {isa = PBXBuildFile; fileRef = 59CDB4CA28162A3600292847 /* AppDelegate.swift */; };
		59CDB4CD28162A3600292847 /* SceneDelegate.swift in Sources */ = {isa = PBXBuildFile; fileRef = 59CDB4CC28162A3600292847 /* SceneDelegate.swift */; };
		59CDB4CF28162A3600292847 /* ViewController.swift in Sources */ = {isa = PBXBuildFile; fileRef = 59CDB4CE28162A3600292847 /* ViewController.swift */; };
		59CDB4D228162A3600292847 /* Main.storyboard in Resources */ = {isa = PBXBuildFile; fileRef = 59CDB4D028162A3600292847 /* Main.storyboard */; };
		59CDB4D528162A3600292847 /* ShareExp.xcdatamodeld in Sources */ = {isa = PBXBuildFile; fileRef = 59CDB4D328162A3600292847 /* ShareExp.xcdatamodeld */; };
		59CDB4D728162A3800292847 /* Assets.xcassets in Resources */ = {isa = PBXBuildFile; fileRef = 59CDB4D628162A3800292847 /* Assets.xcassets */; };
		59CDB4DA28162A3800292847 /* LaunchScreen.storyboard in Resources */ = {isa = PBXBuildFile; fileRef = 59CDB4D828162A3800292847 /* LaunchScreen.storyboard */; };
/* End PBXBuildFile section */

/* Begin PBXFileReference section */
		31DD8491B100539F9CFBAD31 /* Pods-ShareExp.debug.xcconfig */ = {isa = PBXFileReference; includeInIndex = 1; lastKnownFileType = text.xcconfig; name = "Pods-ShareExp.debug.xcconfig"; path = "Target Support Files/Pods-ShareExp/Pods-ShareExp.debug.xcconfig"; sourceTree = "<group>"; };
		4CD12926CFAB87BCCED821B7 /* Pods-ShareExp.release.xcconfig */ = {isa = PBXFileReference; includeInIndex = 1; lastKnownFileType = text.xcconfig; name = "Pods-ShareExp.release.xcconfig"; path = "Target Support Files/Pods-ShareExp/Pods-ShareExp.release.xcconfig"; sourceTree = "<group>"; };
		59CDB4C728162A3600292847 /* ShareExp.app */ = {isa = PBXFileReference; explicitFileType = wrapper.application; includeInIndex = 0; path = ShareExp.app; sourceTree = BUILT_PRODUCTS_DIR; };
		59CDB4CA28162A3600292847 /* AppDelegate.swift */ = {isa = PBXFileReference; lastKnownFileType = sourcecode.swift; path = AppDelegate.swift; sourceTree = "<group>"; };
		59CDB4CC28162A3600292847 /* SceneDelegate.swift */ = {isa = PBXFileReference; lastKnownFileType = sourcecode.swift; path = SceneDelegate.swift; sourceTree = "<group>"; };
		59CDB4CE28162A3600292847 /* ViewController.swift */ = {isa = PBXFileReference; lastKnownFileType = sourcecode.swift; path = ViewController.swift; sourceTree = "<group>"; };
		59CDB4D128162A3600292847 /* Base */ = {isa = PBXFileReference; lastKnownFileType = file.storyboard; name = Base; path = Base.lproj/Main.storyboard; sourceTree = "<group>"; };
		59CDB4D428162A3600292847 /* ShareExp.xcdatamodel */ = {isa = PBXFileReference; lastKnownFileType = wrapper.xcdatamodel; path = ShareExp.xcdatamodel; sourceTree = "<group>"; };
		59CDB4D628162A3800292847 /* Assets.xcassets */ = {isa = PBXFileReference; lastKnownFileType = folder.assetcatalog; path = Assets.xcassets; sourceTree = "<group>"; };
		59CDB4D928162A3800292847 /* Base */ = {isa = PBXFileReference; lastKnownFileType = file.storyboard; name = Base; path = Base.lproj/LaunchScreen.storyboard; sourceTree = "<group>"; };
		59CDB4DB28162A3800292847 /* Info.plist */ = {isa = PBXFileReference; lastKnownFileType = text.plist.xml; path = Info.plist; sourceTree = "<group>"; };
		A8646D77FDDFAC91ED14324B /* Pods_ShareExp.framework */ = {isa = PBXFileReference; explicitFileType = wrapper.framework; includeInIndex = 0; path = Pods_ShareExp.framework; sourceTree = BUILT_PRODUCTS_DIR; };
/* End PBXFileReference section */

/* Begin PBXFrameworksBuildPhase section */
		59CDB4C428162A3600292847 /* Frameworks */ = {
			isa = PBXFrameworksBuildPhase;
			buildActionMask = 2147483647;
			files = (
				501961734CF862A1BD0EAF2F /* Pods_ShareExp.framework in Frameworks */,
			);
			runOnlyForDeploymentPostprocessing = 0;
		};
/* End PBXFrameworksBuildPhase section */

/* Begin PBXGroup section */
		2DC018293C43F73A14B13D11 /* Pods */ = {
			isa = PBXGroup;
			children = (
				31DD8491B100539F9CFBAD31 /* Pods-ShareExp.debug.xcconfig */,
				4CD12926CFAB87BCCED821B7 /* Pods-ShareExp.release.xcconfig */,
			);
			name = Pods;
			path = Pods;
			sourceTree = "<group>";
		};
		31F83675A3F806CEDDBC3F35 /* Frameworks */ = {
			isa = PBXGroup;
			children = (
				A8646D77FDDFAC91ED14324B /* Pods_ShareExp.framework */,
			);
			name = Frameworks;
			sourceTree = "<group>";
		};
		59CDB4BE28162A3600292847 = {
			isa = PBXGroup;
			children = (
				59CDB4C928162A3600292847 /* ShareExp */,
				59CDB4C828162A3600292847 /* Products */,
				2DC018293C43F73A14B13D11 /* Pods */,
				31F83675A3F806CEDDBC3F35 /* Frameworks */,
			);
			sourceTree = "<group>";
		};
		59CDB4C828162A3600292847 /* Products */ = {
			isa = PBXGroup;
			children = (
				59CDB4C728162A3600292847 /* ShareExp.app */,
			);
			name = Products;
			sourceTree = "<group>";
		};
		59CDB4C928162A3600292847 /* ShareExp */ = {
			isa = PBXGroup;
			children = (
				59CDB4CA28162A3600292847 /* AppDelegate.swift */,
				59CDB4CC28162A3600292847 /* SceneDelegate.swift */,
				59CDB4CE28162A3600292847 /* ViewController.swift */,
				59CDB4D028162A3600292847 /* Main.storyboard */,
				59CDB4D628162A3800292847 /* Assets.xcassets */,
				59CDB4D828162A3800292847 /* LaunchScreen.storyboard */,
				59CDB4DB28162A3800292847 /* Info.plist */,
				59CDB4D328162A3600292847 /* ShareExp.xcdatamodeld */,
			);
			path = ShareExp;
			sourceTree = "<group>";
		};
/* End PBXGroup section */

/* Begin PBXNativeTarget section */
		59CDB4C628162A3600292847 /* ShareExp */ = {
			isa = PBXNativeTarget;
			buildConfigurationList = 59CDB4DE28162A3800292847 /* Build configuration list for PBXNativeTarget "ShareExp" */;
			buildPhases = (
				CEC832870E1BBBB9BBBD461D /* [CP] Check Pods Manifest.lock */,
				59CDB4C328162A3600292847 /* Sources */,
				59CDB4C428162A3600292847 /* Frameworks */,
				59CDB4C528162A3600292847 /* Resources */,
				A0277397B0E4CDAA958872B1 /* [CP] Embed Pods Frameworks */,
			);
			buildRules = (
			);
			dependencies = (
			);
			name = ShareExp;
			productName = ShareExp;
			productReference = 59CDB4C728162A3600292847 /* ShareExp.app */;
			productType = "com.apple.product-type.application";
		};
/* End PBXNativeTarget section */

/* Begin PBXProject section */
		59CDB4BF28162A3600292847 /* Project object */ = {
			isa = PBXProject;
			attributes = {
				BuildIndependentTargetsInParallel = 1;
				LastSwiftUpdateCheck = 1330;
				LastUpgradeCheck = 1330;
				TargetAttributes = {
					59CDB4C628162A3600292847 = {
						CreatedOnToolsVersion = 13.3.1;
					};
				};
			};
			buildConfigurationList = 59CDB4C228162A3600292847 /* Build configuration list for PBXProject "ShareExp" */;
			compatibilityVersion = "Xcode 13.0";
			developmentRegion = en;
			hasScannedForEncodings = 0;
			knownRegions = (
				en,
				Base,
			);
			mainGroup = 59CDB4BE28162A3600292847;
			productRefGroup = 59CDB4C828162A3600292847 /* Products */;
			projectDirPath = "";
			projectRoot = "";
			targets = (
				59CDB4C628162A3600292847 /* ShareExp */,
			);
		};
/* End PBXProject section */

/* Begin PBXResourcesBuildPhase section */
		59CDB4C528162A3600292847 /* Resources */ = {
			isa = PBXResourcesBuildPhase;
			buildActionMask = 2147483647;
			files = (
				59CDB4DA28162A3800292847 /* LaunchScreen.storyboard in Resources */,
				59CDB4D728162A3800292847 /* Assets.xcassets in Resources */,
				59CDB4D228162A3600292847 /* Main.storyboard in Resources */,
			);
			runOnlyForDeploymentPostprocessing = 0;
		};
/* End PBXResourcesBuildPhase section */

/* Begin PBXShellScriptBuildPhase section */
		A0277397B0E4CDAA958872B1 /* [CP] Embed Pods Frameworks */ = {
			isa = PBXShellScriptBuildPhase;
			buildActionMask = 2147483647;
			files = (
			);
			inputFileListPaths = (
				"${PODS_ROOT}/Target Support Files/Pods-ShareExp/Pods-ShareExp-frameworks-${CONFIGURATION}-input-files.xcfilelist",
			);
			name = "[CP] Embed Pods Frameworks";
			outputFileListPaths = (
				"${PODS_ROOT}/Target Support Files/Pods-ShareExp/Pods-ShareExp-frameworks-${CONFIGURATION}-output-files.xcfilelist",
			);
			runOnlyForDeploymentPostprocessing = 0;
			shellPath = /bin/sh;
			shellScript = "\"${PODS_ROOT}/Target Support Files/Pods-ShareExp/Pods-ShareExp-frameworks.sh\"\n";
			showEnvVarsInLog = 0;
		};
		CEC832870E1BBBB9BBBD461D /* [CP] Check Pods Manifest.lock */ = {
			isa = PBXShellScriptBuildPhase;
			buildActionMask = 2147483647;
			files = (
			);
			inputFileListPaths = (
			);
			inputPaths = (
				"${PODS_PODFILE_DIR_PATH}/Podfile.lock",
				"${PODS_ROOT}/Manifest.lock",
			);
			name = "[CP] Check Pods Manifest.lock";
			outputFileListPaths = (
			);
			outputPaths = (
				"$(DERIVED_FILE_DIR)/Pods-ShareExp-checkManifestLockResult.txt",
			);
			runOnlyForDeploymentPostprocessing = 0;
			shellPath = /bin/sh;
			shellScript = "diff \"${PODS_PODFILE_DIR_PATH}/Podfile.lock\" \"${PODS_ROOT}/Manifest.lock\" > /dev/null\nif [ $? != 0 ] ; then\n    # print error to STDERR\n    echo \"error: The sandbox is not in sync with the Podfile.lock. Run 'pod install' or update your CocoaPods installation.\" >&2\n    exit 1\nfi\n# This output is used by Xcode 'outputs' to avoid re-running this script phase.\necho \"SUCCESS\" > \"${SCRIPT_OUTPUT_FILE_0}\"\n";
			showEnvVarsInLog = 0;
		};
/* End PBXShellScriptBuildPhase section */

/* Begin PBXSourcesBuildPhase section */
		59CDB4C328162A3600292847 /* Sources */ = {
			isa = PBXSourcesBuildPhase;
			buildActionMask = 2147483647;
			files = (
				59CDB4CF28162A3600292847 /* ViewController.swift in Sources */,
				59CDB4D528162A3600292847 /* ShareExp.xcdatamodeld in Sources */,
				59CDB4CB28162A3600292847 /* AppDelegate.swift in Sources */,
				59CDB4CD28162A3600292847 /* SceneDelegate.swift in Sources */,
			);
			runOnlyForDeploymentPostprocessing = 0;
		};
/* End PBXSourcesBuildPhase section */

/* Begin PBXVariantGroup section */
		59CDB4D028162A3600292847 /* Main.storyboard */ = {
			isa = PBXVariantGroup;
			children = (
				59CDB4D128162A3600292847 /* Base */,
			);
			name = Main.storyboard;
			sourceTree = "<group>";
		};
		59CDB4D828162A3800292847 /* LaunchScreen.storyboard */ = {
			isa = PBXVariantGroup;
			children = (
				59CDB4D928162A3800292847 /* Base */,
			);
			name = LaunchScreen.storyboard;
			sourceTree = "<group>";
		};
/* End PBXVariantGroup section */

/* Begin XCBuildConfiguration section */
		59CDB4DC28162A3800292847 /* Debug */ = {
			isa = XCBuildConfiguration;
			buildSettings = {
				ALWAYS_SEARCH_USER_PATHS = NO;
				CLANG_ANALYZER_NONNULL = YES;
				CLANG_ANALYZER_NUMBER_OBJECT_CONVERSION = YES_AGGRESSIVE;
				CLANG_CXX_LANGUAGE_STANDARD = "gnu++17";
				CLANG_ENABLE_MODULES = YES;
				CLANG_ENABLE_OBJC_ARC = YES;
				CLANG_ENABLE_OBJC_WEAK = YES;
				CLANG_WARN_BLOCK_CAPTURE_AUTORELEASING = YES;
				CLANG_WARN_BOOL_CONVERSION = YES;
				CLANG_WARN_COMMA = YES;
				CLANG_WARN_CONSTANT_CONVERSION = YES;
				CLANG_WARN_DEPRECATED_OBJC_IMPLEMENTATIONS = YES;
				CLANG_WARN_DIRECT_OBJC_ISA_USAGE = YES_ERROR;
				CLANG_WARN_DOCUMENTATION_COMMENTS = YES;
				CLANG_WARN_EMPTY_BODY = YES;
				CLANG_WARN_ENUM_CONVERSION = YES;
				CLANG_WARN_INFINITE_RECURSION = YES;
				CLANG_WARN_INT_CONVERSION = YES;
				CLANG_WARN_NON_LITERAL_NULL_CONVERSION = YES;
				CLANG_WARN_OBJC_IMPLICIT_RETAIN_SELF = YES;
				CLANG_WARN_OBJC_LITERAL_CONVERSION = YES;
				CLANG_WARN_OBJC_ROOT_CLASS = YES_ERROR;
				CLANG_WARN_QUOTED_INCLUDE_IN_FRAMEWORK_HEADER = YES;
				CLANG_WARN_RANGE_LOOP_ANALYSIS = YES;
				CLANG_WARN_STRICT_PROTOTYPES = YES;
				CLANG_WARN_SUSPICIOUS_MOVE = YES;
				CLANG_WARN_UNGUARDED_AVAILABILITY = YES_AGGRESSIVE;
				CLANG_WARN_UNREACHABLE_CODE = YES;
				CLANG_WARN__DUPLICATE_METHOD_MATCH = YES;
				COPY_PHASE_STRIP = NO;
				DEBUG_INFORMATION_FORMAT = dwarf;
				ENABLE_STRICT_OBJC_MSGSEND = YES;
				ENABLE_TESTABILITY = YES;
				GCC_C_LANGUAGE_STANDARD = gnu11;
				GCC_DYNAMIC_NO_PIC = NO;
				GCC_NO_COMMON_BLOCKS = YES;
				GCC_OPTIMIZATION_LEVEL = 0;
				GCC_PREPROCESSOR_DEFINITIONS = (
					"DEBUG=1",
					"$(inherited)",
				);
				GCC_WARN_64_TO_32_BIT_CONVERSION = YES;
				GCC_WARN_ABOUT_RETURN_TYPE = YES_ERROR;
				GCC_WARN_UNDECLARED_SELECTOR = YES;
				GCC_WARN_UNINITIALIZED_AUTOS = YES_AGGRESSIVE;
				GCC_WARN_UNUSED_FUNCTION = YES;
				GCC_WARN_UNUSED_VARIABLE = YES;
				IPHONEOS_DEPLOYMENT_TARGET = 15.4;
				MTL_ENABLE_DEBUG_INFO = INCLUDE_SOURCE;
				MTL_FAST_MATH = YES;
				ONLY_ACTIVE_ARCH = YES;
				SDKROOT = iphoneos;
				SWIFT_ACTIVE_COMPILATION_CONDITIONS = DEBUG;
				SWIFT_OPTIMIZATION_LEVEL = "-Onone";
			};
			name = Debug;
		};
		59CDB4DD28162A3800292847 /* Release */ = {
			isa = XCBuildConfiguration;
			buildSettings = {
				ALWAYS_SEARCH_USER_PATHS = NO;
				CLANG_ANALYZER_NONNULL = YES;
				CLANG_ANALYZER_NUMBER_OBJECT_CONVERSION = YES_AGGRESSIVE;
				CLANG_CXX_LANGUAGE_STANDARD = "gnu++17";
				CLANG_ENABLE_MODULES = YES;
				CLANG_ENABLE_OBJC_ARC = YES;
				CLANG_ENABLE_OBJC_WEAK = YES;
				CLANG_WARN_BLOCK_CAPTURE_AUTORELEASING = YES;
				CLANG_WARN_BOOL_CONVERSION = YES;
				CLANG_WARN_COMMA = YES;
				CLANG_WARN_CONSTANT_CONVERSION = YES;
				CLANG_WARN_DEPRECATED_OBJC_IMPLEMENTATIONS = YES;
				CLANG_WARN_DIRECT_OBJC_ISA_USAGE = YES_ERROR;
				CLANG_WARN_DOCUMENTATION_COMMENTS = YES;
				CLANG_WARN_EMPTY_BODY = YES;
				CLANG_WARN_ENUM_CONVERSION = YES;
				CLANG_WARN_INFINITE_RECURSION = YES;
				CLANG_WARN_INT_CONVERSION = YES;
				CLANG_WARN_NON_LITERAL_NULL_CONVERSION = YES;
				CLANG_WARN_OBJC_IMPLICIT_RETAIN_SELF = YES;
				CLANG_WARN_OBJC_LITERAL_CONVERSION = YES;
				CLANG_WARN_OBJC_ROOT_CLASS = YES_ERROR;
				CLANG_WARN_QUOTED_INCLUDE_IN_FRAMEWORK_HEADER = YES;
				CLANG_WARN_RANGE_LOOP_ANALYSIS = YES;
				CLANG_WARN_STRICT_PROTOTYPES = YES;
				CLANG_WARN_SUSPICIOUS_MOVE = YES;
				CLANG_WARN_UNGUARDED_AVAILABILITY = YES_AGGRESSIVE;
				CLANG_WARN_UNREACHABLE_CODE = YES;
				CLANG_WARN__DUPLICATE_METHOD_MATCH = YES;
				COPY_PHASE_STRIP = NO;
				DEBUG_INFORMATION_FORMAT = "dwarf-with-dsym";
				ENABLE_NS_ASSERTIONS = NO;
				ENABLE_STRICT_OBJC_MSGSEND = YES;
				GCC_C_LANGUAGE_STANDARD = gnu11;
				GCC_NO_COMMON_BLOCKS = YES;
				GCC_WARN_64_TO_32_BIT_CONVERSION = YES;
				GCC_WARN_ABOUT_RETURN_TYPE = YES_ERROR;
				GCC_WARN_UNDECLARED_SELECTOR = YES;
				GCC_WARN_UNINITIALIZED_AUTOS = YES_AGGRESSIVE;
				GCC_WARN_UNUSED_FUNCTION = YES;
				GCC_WARN_UNUSED_VARIABLE = YES;
				IPHONEOS_DEPLOYMENT_TARGET = 15.4;
				MTL_ENABLE_DEBUG_INFO = NO;
				MTL_FAST_MATH = YES;
				SDKROOT = iphoneos;
				SWIFT_COMPILATION_MODE = wholemodule;
				SWIFT_OPTIMIZATION_LEVEL = "-O";
				VALIDATE_PRODUCT = YES;
			};
			name = Release;
		};
		59CDB4DF28162A3800292847 /* Debug */ = {
			isa = XCBuildConfiguration;
			baseConfigurationReference = 31DD8491B100539F9CFBAD31 /* Pods-ShareExp.debug.xcconfig */;
			buildSettings = {
				ASSETCATALOG_COMPILER_APPICON_NAME = AppIcon;
				ASSETCATALOG_COMPILER_GLOBAL_ACCENT_COLOR_NAME = AccentColor;
				CODE_SIGN_STYLE = Automatic;
				CURRENT_PROJECT_VERSION = 1;
				DEVELOPMENT_TEAM = UMY9B7FW9S;
				GENERATE_INFOPLIST_FILE = YES;
				INFOPLIST_FILE = ShareExp/Info.plist;
				INFOPLIST_KEY_UIApplicationSupportsIndirectInputEvents = YES;
				INFOPLIST_KEY_UILaunchStoryboardName = LaunchScreen;
				INFOPLIST_KEY_UIMainStoryboardFile = Main;
				INFOPLIST_KEY_UISupportedInterfaceOrientations_iPad = "UIInterfaceOrientationPortrait UIInterfaceOrientationPortraitUpsideDown UIInterfaceOrientationLandscapeLeft UIInterfaceOrientationLandscapeRight";
				INFOPLIST_KEY_UISupportedInterfaceOrientations_iPhone = "UIInterfaceOrientationPortrait UIInterfaceOrientationLandscapeLeft UIInterfaceOrientationLandscapeRight";
				LD_RUNPATH_SEARCH_PATHS = (
					"$(inherited)",
					"@executable_path/Frameworks",
				);
				MARKETING_VERSION = 1.0;
				PRODUCT_BUNDLE_IDENTIFIER = lilstar.ShareExp;
				PRODUCT_NAME = "$(TARGET_NAME)";
				SWIFT_EMIT_LOC_STRINGS = YES;
				SWIFT_VERSION = 5.0;
				TARGETED_DEVICE_FAMILY = "1,2";
			};
			name = Debug;
		};
		59CDB4E028162A3800292847 /* Release */ = {
			isa = XCBuildConfiguration;
			baseConfigurationReference = 4CD12926CFAB87BCCED821B7 /* Pods-ShareExp.release.xcconfig */;
			buildSettings = {
				ASSETCATALOG_COMPILER_APPICON_NAME = AppIcon;
				ASSETCATALOG_COMPILER_GLOBAL_ACCENT_COLOR_NAME = AccentColor;
				CODE_SIGN_STYLE = Automatic;
				CURRENT_PROJECT_VERSION = 1;
				DEVELOPMENT_TEAM = UMY9B7FW9S;
				GENERATE_INFOPLIST_FILE = YES;
				INFOPLIST_FILE = ShareExp/Info.plist;
				INFOPLIST_KEY_UIApplicationSupportsIndirectInputEvents = YES;
				INFOPLIST_KEY_UILaunchStoryboardName = LaunchScreen;
				INFOPLIST_KEY_UIMainStoryboardFile = Main;
				INFOPLIST_KEY_UISupportedInterfaceOrientations_iPad = "UIInterfaceOrientationPortrait UIInterfaceOrientationPortraitUpsideDown UIInterfaceOrientationLandscapeLeft UIInterfaceOrientationLandscapeRight";
				INFOPLIST_KEY_UISupportedInterfaceOrientations_iPhone = "UIInterfaceOrientationPortrait UIInterfaceOrientationLandscapeLeft UIInterfaceOrientationLandscapeRight";
				LD_RUNPATH_SEARCH_PATHS = (
					"$(inherited)",
					"@executable_path/Frameworks",
				);
				MARKETING_VERSION = 1.0;
				PRODUCT_BUNDLE_IDENTIFIER = lilstar.ShareExp;
				PRODUCT_NAME = "$(TARGET_NAME)";
				SWIFT_EMIT_LOC_STRINGS = YES;
				SWIFT_VERSION = 5.0;
				TARGETED_DEVICE_FAMILY = "1,2";
			};
			name = Release;
		};
/* End XCBuildConfiguration section */

/* Begin XCConfigurationList section */
		59CDB4C228162A3600292847 /* Build configuration list for PBXProject "ShareExp" */ = {
			isa = XCConfigurationList;
			buildConfigurations = (
				59CDB4DC28162A3800292847 /* Debug */,
				59CDB4DD28162A3800292847 /* Release */,
			);
			defaultConfigurationIsVisible = 0;
			defaultConfigurationName = Release;
		};
		59CDB4DE28162A3800292847 /* Build configuration list for PBXNativeTarget "ShareExp" */ = {
			isa = XCConfigurationList;
			buildConfigurations = (
				59CDB4DF28162A3800292847 /* Debug */,
				59CDB4E028162A3800292847 /* Release */,
			);
			defaultConfigurationIsVisible = 0;
			defaultConfigurationName = Release;
		};
/* End XCConfigurationList section */

/* Begin XCVersionGroup section */
		59CDB4D328162A3600292847 /* ShareExp.xcdatamodeld */ = {
			isa = XCVersionGroup;
			children = (
				59CDB4D428162A3600292847 /* ShareExp.xcdatamodel */,
			);
			currentVersion = 59CDB4D428162A3600292847 /* ShareExp.xcdatamodel */;
			path = ShareExp.xcdatamodeld;
			sourceTree = "<group>";
			versionGroupType = wrapper.xcdatamodel;
		};
/* End XCVersionGroup section */
	};
	rootObject = 59CDB4BF28162A3600292847 /* Project object */;
}
